
Microsoft Visual Studio Solution File, Format Version 12.00
# Visual Studio 15
Project("{FAE04EC0-301F-11D3-BF4B-00C04F79EFBC}") = "Assembly-CSharp-Editor", "Assembly-CSharp-Editor.csproj", "{2C5CA42D-857F-9FE2-880F-98E4B40781DB}"
EndProject
Project("{FAE04EC0-301F-11D3-BF4B-00C04F79EFBC}") = "Assembly-CSharp", "Assembly-CSharp.csproj", "{AFEF6833-8167-C9F4-FD92-47FE9305D63B}"
EndProject
Global
	GlobalSection(SolutionConfigurationPlatforms) = preSolution
		Debug|Any CPU = Debug|Any CPU
		Release|Any CPU = Release|Any CPU
	EndGlobalSection
	GlobalSection(ProjectConfigurationPlatforms) = postSolution
		{2C5CA42D-857F-9FE2-880F-98E4B40781DB}.Debug|Any CPU.ActiveCfg = Debug|Any CPU
		{2C5CA42D-857F-9FE2-880F-98E4B40781DB}.Debug|Any CPU.Build.0 = Debug|Any CPU
		{2C5CA42D-857F-9FE2-880F-98E4B40781DB}.Release|Any CPU.ActiveCfg = Release|Any CPU
		{2C5CA42D-857F-9FE2-880F-98E4B40781DB}.Release|Any CPU.Build.0 = Release|Any CPU
		{AFEF6833-8167-C9F4-FD92-47FE9305D63B}.Debug|Any CPU.ActiveCfg = Debug|Any CPU
		{AFEF6833-8167-C9F4-FD92-47FE9305D63B}.Debug|Any CPU.Build.0 = Debug|Any CPU
		{AFEF6833-8167-C9F4-FD92-47FE9305D63B}.Release|Any CPU.ActiveCfg = Release|Any CPU
		{AFEF6833-8167-C9F4-FD92-47FE9305D63B}.Release|Any CPU.Build.0 = Release|Any CPU
	EndGlobalSection
	GlobalSection(SolutionProperties) = preSolution
		HideSolutionNode = FALSE
	EndGlobalSection
EndGlobal
